
Microsoft Visual Studio Solution File, Format Version 12.00
# Visual Studio Version 17
VisualStudioVersion = 17.11.35327.3
MinimumVisualStudioVersion = 10.0.40219.1
Project("{FAE04EC0-301F-11D3-BF4B-00C04F79EFBC}") = "TN01-WFCadastroContato", "TN01-WFCadastroContato\TN01-WFCadastroContato.csproj", "{74E8A5C6-7B4B-434B-A01F-444CBD634A05}"
EndProject
Project("{FAE04EC0-301F-11D3-BF4B-00C04F79EFBC}") = "WFAcesso", "WFAcesso\WFAcesso.csproj", "{A83C2120-F9E1-4836-BE96-9385CB2376BF}"
EndProject
Project("{FAE04EC0-301F-11D3-BF4B-00C04F79EFBC}") = "WFUsandoListagem", "WFUsandoListagem\WFUsandoListagem.csproj", "{7D8979D6-34BC-4C7B-861D-FB16BB9FFA66}"
EndProject
Project("{FAE04EC0-301F-11D3-BF4B-00C04F79EFBC}") = "WFCadastroProduto", "WFCadastroProduto\WFCadastroProduto.csproj", "{92F8F7F9-9251-4004-BED6-A49AC6911AF7}"
EndProject
Global
	GlobalSection(SolutionConfigurationPlatforms) = preSolution
		Debug|Any CPU = Debug|Any CPU
		Release|Any CPU = Release|Any CPU
	EndGlobalSection
	GlobalSection(ProjectConfigurationPlatforms) = postSolution
		{74E8A5C6-7B4B-434B-A01F-444CBD634A05}.Debug|Any CPU.ActiveCfg = Debug|Any CPU
		{74E8A5C6-7B4B-434B-A01F-444CBD634A05}.Debug|Any CPU.Build.0 = Debug|Any CPU
		{74E8A5C6-7B4B-434B-A01F-444CBD634A05}.Release|Any CPU.ActiveCfg = Release|Any CPU
		{74E8A5C6-7B4B-434B-A01F-444CBD634A05}.Release|Any CPU.Build.0 = Release|Any CPU
		{A83C2120-F9E1-4836-BE96-9385CB2376BF}.Debug|Any CPU.ActiveCfg = Debug|Any CPU
		{A83C2120-F9E1-4836-BE96-9385CB2376BF}.Debug|Any CPU.Build.0 = Debug|Any CPU
		{A83C2120-F9E1-4836-BE96-9385CB2376BF}.Release|Any CPU.ActiveCfg = Release|Any CPU
		{A83C2120-F9E1-4836-BE96-9385CB2376BF}.Release|Any CPU.Build.0 = Release|Any CPU
		{7D8979D6-34BC-4C7B-861D-FB16BB9FFA66}.Debug|Any CPU.ActiveCfg = Debug|Any CPU
		{7D8979D6-34BC-4C7B-861D-FB16BB9FFA66}.Debug|Any CPU.Build.0 = Debug|Any CPU
		{7D8979D6-34BC-4C7B-861D-FB16BB9FFA66}.Release|Any CPU.ActiveCfg = Release|Any CPU
		{7D8979D6-34BC-4C7B-861D-FB16BB9FFA66}.Release|Any CPU.Build.0 = Release|Any CPU
		{92F8F7F9-9251-4004-BED6-A49AC6911AF7}.Debug|Any CPU.ActiveCfg = Debug|Any CPU
		{92F8F7F9-9251-4004-BED6-A49AC6911AF7}.Debug|Any CPU.Build.0 = Debug|Any CPU
		{92F8F7F9-9251-4004-BED6-A49AC6911AF7}.Release|Any CPU.ActiveCfg = Release|Any CPU
		{92F8F7F9-9251-4004-BED6-A49AC6911AF7}.Release|Any CPU.Build.0 = Release|Any CPU
	EndGlobalSection
	GlobalSection(SolutionProperties) = preSolution
		HideSolutionNode = FALSE
	EndGlobalSection
	GlobalSection(ExtensibilityGlobals) = postSolution
		SolutionGuid = {93EF36CE-CE4A-4F9C-9A4F-5ED0384A4843}
	EndGlobalSection
EndGlobal
